# THIS IS AN AUTOGENERATED FILE. DO NOT EDIT THIS FILE DIRECTLY.
# yarn lockfile v1


"@types/lodash@^4.14.178":
  version "4.14.178"
  resolved "https://registry.yarnpkg.com/@types/lodash/-/lodash-4.14.178.tgz#341f6d2247db528d4a13ddbb374bcdc80406f4f8"
  integrity sha512-0d5Wd09ItQWH1qFbEyQ7oTQ3GZrMfth5JkbN3EvTKLXcHLRDSXeLnlvlOn0wvxVIwK5o2M8JzP/OWz7T3NRsbw==

"@types/node@^16.7.13":
  version "16.11.18"
  resolved "https://registry.yarnpkg.com/@types/node/-/node-16.11.18.tgz#39ed7c52943b0cee6d7299b717707bd51b1f90b9"
  integrity sha512-7N8AOYWWYuw0g+K+GKCmIwfU1VMHcexYNpLPYzFZ4Uq2W6C/ptfeC7XhXgy/4pcwhz/9KoS5yijMfnYQ0u0Udw==

effector@^22.1.2:
  version "22.1.2"
  resolved "https://registry.yarnpkg.com/effector/-/effector-22.1.2.tgz#5edf2aea4d6b5ae932a2a9c75312804c50e3fe55"
  integrity sha512-myJlmwZbaoNV5YYaRmM4QhAQeUqpbnmmUXZkACzuhV/2z49qCByC4DT62hghHpGz6Knr/sbB4sAAZ8VJCUYy2g==

lodash@^4.17.21:
  version "4.17.21"
  resolved "https://registry.yarnpkg.com/lodash/-/lodash-4.17.21.tgz#679591c564c3bffaae8454cf0b3df370c3d6911c"
  integrity sha512-v2kDEe57lecTulaDIuNTPy3Ry4gLGJ6Z1O3vE1krgXZNrsQ+LFTGHVxVjcXPs17LhbZVGedAJv8XZ1tvj5FvSg==

typescript@^4.4.2:
  version "4.5.4"
  resolved "https://registry.yarnpkg.com/typescript/-/typescript-4.5.4.tgz#a17d3a0263bf5c8723b9c52f43c5084edf13c2e8"
  integrity sha512-VgYs2A2QIRuGphtzFV7aQJduJ2gyfTljngLzjpfW9FoYZF6xuw1W0vW9ghCKLfcWrCFxK81CSGRAvS1pn4fIUg==
